
Microsoft Visual Studio Solution File, Format Version 12.00
Project("{2150E333-8FDC-42A3-9474-1A3956D46DE8}") = "src", "src", "{6DF0A95F-2178-43BD-8525-671349A1B551}"
EndProject
Project("{FAE04EC0-301F-11D3-BF4B-00C04F79EFBC}") = "ImageDataSetTagEditor", "src\ImageDataSetTagEditor\ImageDataSetTagEditor.csproj", "{358706BD-C81E-4571-9FA0-E1E4A2B9F34F}"
EndProject
Global
	GlobalSection(SolutionConfigurationPlatforms) = preSolution
		Debug|Any CPU = Debug|Any CPU
		Release|Any CPU = Release|Any CPU
	EndGlobalSection
	GlobalSection(NestedProjects) = preSolution
		{358706BD-C81E-4571-9FA0-E1E4A2B9F34F} = {6DF0A95F-2178-43BD-8525-671349A1B551}
	EndGlobalSection
	GlobalSection(ProjectConfigurationPlatforms) = postSolution
		{358706BD-C81E-4571-9FA0-E1E4A2B9F34F}.Debug|Any CPU.ActiveCfg = Debug|Any CPU
		{358706BD-C81E-4571-9FA0-E1E4A2B9F34F}.Debug|Any CPU.Build.0 = Debug|Any CPU
		{358706BD-C81E-4571-9FA0-E1E4A2B9F34F}.Release|Any CPU.ActiveCfg = Release|Any CPU
		{358706BD-C81E-4571-9FA0-E1E4A2B9F34F}.Release|Any CPU.Build.0 = Release|Any CPU
	EndGlobalSection
EndGlobal
